<Solution>
  <Project Path="Venly.Backend.Common/Venly.Backend.Common.csproj" />
  <Project Path="Venly.Auth.Helper/Venly.Auth.Helper.csproj" />
  <Project Path="Venly.Logger.Helper/Venly.Logger.Helper.csproj" />
  <Project Path="Venly.Database.Helper/Venly.Database.Helper.csproj" />
  <Project Path="Venly.Messaging.Events/Venly.Messaging.Events.csproj" />
  <Project Path="Venly.Notification.Helper/Venly.Notification.Helper.csproj" />
  <Project Path="Venly.Audit.Helper/Venly.Audit.Helper.csproj" />
  <Project Path="Venly.FeatureFlag.Helper/Venly.FeatureFlag.Helper.csproj" />
  <Project Path="Venly.Wallet.Helper/Venly.Wallet.Helper.csproj" />
  <Project Path="Venly.Backend.Utilities.Tests/Venly.Backend.Utilities.Tests.csproj" />
</Solution>
